
Microsoft Visual Studio Solution File, Format Version 12.00
# Visual Studio Version 17
VisualStudioVersion = 17.3.32804.467
MinimumVisualStudioVersion = 10.0.40219.1
Project("{9A19103F-16F7-4668-BE54-9A1E7A4F7556}") = "ViscaCamLink", "ViscaCamLink\ViscaCamLink.csproj", "{47B7098C-99B1-498E-8BAE-0BA99191F1D9}"
EndProject
Project("{9A19103F-16F7-4668-BE54-9A1E7A4F7556}") = "CameraControl.Visca", "Shared\CameraControl.Visca\CameraControl.Visca.csproj", "{2D982B19-2D27-4E6C-A4F3-6B308E266C43}"
EndProject
Project("{2150E333-8FDC-42A3-9474-1A3956D46DE8}") = "Shared", "Shared", "{CE7B533A-3F53-4FC9-A0D3-267478866046}"
EndProject
Global
	GlobalSection(SolutionConfigurationPlatforms) = preSolution
		Debug|Any CPU = Debug|Any CPU
		Release|Any CPU = Release|Any CPU
	EndGlobalSection
	GlobalSection(ProjectConfigurationPlatforms) = postSolution
		{47B7098C-99B1-498E-8BAE-0BA99191F1D9}.Debug|Any CPU.ActiveCfg = Debug|Any CPU
		{47B7098C-99B1-498E-8BAE-0BA99191F1D9}.Debug|Any CPU.Build.0 = Debug|Any CPU
		{47B7098C-99B1-498E-8BAE-0BA99191F1D9}.Release|Any CPU.ActiveCfg = Release|Any CPU
		{47B7098C-99B1-498E-8BAE-0BA99191F1D9}.Release|Any CPU.Build.0 = Release|Any CPU
		{2D982B19-2D27-4E6C-A4F3-6B308E266C43}.Debug|Any CPU.ActiveCfg = Debug|Any CPU
		{2D982B19-2D27-4E6C-A4F3-6B308E266C43}.Debug|Any CPU.Build.0 = Debug|Any CPU
		{2D982B19-2D27-4E6C-A4F3-6B308E266C43}.Release|Any CPU.ActiveCfg = Release|Any CPU
		{2D982B19-2D27-4E6C-A4F3-6B308E266C43}.Release|Any CPU.Build.0 = Release|Any CPU
	EndGlobalSection
	GlobalSection(SolutionProperties) = preSolution
		HideSolutionNode = FALSE
	EndGlobalSection
	GlobalSection(NestedProjects) = preSolution
		{2D982B19-2D27-4E6C-A4F3-6B308E266C43} = {CE7B533A-3F53-4FC9-A0D3-267478866046}
	EndGlobalSection
	GlobalSection(ExtensibilityGlobals) = postSolution
		SolutionGuid = {CE9E37F6-1855-4FBA-A11F-B97A4F7C4BDD}
	EndGlobalSection
EndGlobal
