Microsoft Visual Studio Solution File, Format Version 12.00
# Visual Studio Version 17
VisualStudioVersion = 17.3.32804.467
MinimumVisualStudioVersion = 10.0.40219.1
Project("{9A19103F-16F7-4668-BE54-9A1E7A4F7556}") = "ViscaCamLink", "ViscaCamLink\ViscaCamLink.csproj", "{47B7098C-99B1-498E-8BAE-0BA99191F1D9}"
EndProject
Project("{FAE04EC0-301F-11D3-BF4B-00C04F79EFBC}") = "ViscaCamLink.Tests", "ViscaCamLink.Tests\ViscaCamLink.Tests.csproj", "{B021D576-0BC7-4B5C-8706-C70D1B81C32F}"
EndProject
Project("{FAE04EC0-301F-11D3-BF4B-00C04F79EFBC}") = "ViscaCamLink.Updater", "ViscaCamLink.Updater\ViscaCamLink.Updater.csproj", "{71609D9A-2B20-41EA-BC41-A5110426244D}"
EndProject
Project("{FAE04EC0-301F-11D3-BF4B-00C04F79EFBC}") = "ViscaCamLink.Updater.Tests", "ViscaCamLink.Updater.Tests\ViscaCamLink.Updater.Tests.csproj", "{CFE0D3F0-A8B3-4847-9ABA-3F6706CFB236}"
EndProject
Project("{FAE04EC0-301F-11D3-BF4B-00C04F79EFBC}") = "ViscaCamLink.Simulator", "ViscaCamLink.Simulator\ViscaCamLink.Simulator.csproj", "{5CD84CFA-99AD-4741-A4C1-C5FDB68CBF59}"
EndProject
Global
	GlobalSection(SolutionConfigurationPlatforms) = preSolution
		Debug|Any CPU = Debug|Any CPU
		Debug|ARM64 = Debug|ARM64
		Debug|x64 = Debug|x64
		Debug|x86 = Debug|x86
		Release|Any CPU = Release|Any CPU
		Release|ARM64 = Release|ARM64
		Release|x64 = Release|x64
		Release|x86 = Release|x86
		Release-Portable|Any CPU = Release-Portable|Any CPU
		Release-Portable|ARM64 = Release-Portable|ARM64
		Release-Portable|x64 = Release-Portable|x64
		Release-Portable|x86 = Release-Portable|x86
	EndGlobalSection
	GlobalSection(ProjectConfigurationPlatforms) = postSolution
		{47B7098C-99B1-498E-8BAE-0BA99191F1D9}.Debug|Any CPU.ActiveCfg = Debug|Any CPU
		{47B7098C-99B1-498E-8BAE-0BA99191F1D9}.Debug|Any CPU.Build.0 = Debug|Any CPU
		{47B7098C-99B1-498E-8BAE-0BA99191F1D9}.Debug|ARM64.ActiveCfg = Debug|Any CPU
		{47B7098C-99B1-498E-8BAE-0BA99191F1D9}.Debug|ARM64.Build.0 = Debug|Any CPU
		{47B7098C-99B1-498E-8BAE-0BA99191F1D9}.Debug|x64.ActiveCfg = Debug|Any CPU
		{47B7098C-99B1-498E-8BAE-0BA99191F1D9}.Debug|x64.Build.0 = Debug|Any CPU
		{47B7098C-99B1-498E-8BAE-0BA99191F1D9}.Debug|x86.ActiveCfg = Debug|Any CPU
		{47B7098C-99B1-498E-8BAE-0BA99191F1D9}.Debug|x86.Build.0 = Debug|Any CPU
		{47B7098C-99B1-498E-8BAE-0BA99191F1D9}.Release|Any CPU.ActiveCfg = Release|Any CPU
		{47B7098C-99B1-498E-8BAE-0BA99191F1D9}.Release|Any CPU.Build.0 = Release|Any CPU
		{47B7098C-99B1-498E-8BAE-0BA99191F1D9}.Release|ARM64.ActiveCfg = Release|Any CPU
		{47B7098C-99B1-498E-8BAE-0BA99191F1D9}.Release|ARM64.Build.0 = Release|Any CPU
		{47B7098C-99B1-498E-8BAE-0BA99191F1D9}.Release|x64.ActiveCfg = Release|Any CPU
		{47B7098C-99B1-498E-8BAE-0BA99191F1D9}.Release|x64.Build.0 = Release|Any CPU
		{47B7098C-99B1-498E-8BAE-0BA99191F1D9}.Release|x86.ActiveCfg = Release|Any CPU
		{47B7098C-99B1-498E-8BAE-0BA99191F1D9}.Release|x86.Build.0 = Release|Any CPU
		{47B7098C-99B1-498E-8BAE-0BA99191F1D9}.Release-Portable|Any CPU.ActiveCfg = Release-Portable|Any CPU
		{47B7098C-99B1-498E-8BAE-0BA99191F1D9}.Release-Portable|Any CPU.Build.0 = Release-Portable|Any CPU
		{47B7098C-99B1-498E-8BAE-0BA99191F1D9}.Release-Portable|ARM64.ActiveCfg = Release-Portable|Any CPU
		{47B7098C-99B1-498E-8BAE-0BA99191F1D9}.Release-Portable|ARM64.Build.0 = Release-Portable|Any CPU
		{47B7098C-99B1-498E-8BAE-0BA99191F1D9}.Release-Portable|x64.ActiveCfg = Release-Portable|Any CPU
		{47B7098C-99B1-498E-8BAE-0BA99191F1D9}.Release-Portable|x64.Build.0 = Release-Portable|Any CPU
		{47B7098C-99B1-498E-8BAE-0BA99191F1D9}.Release-Portable|x86.ActiveCfg = Release-Portable|Any CPU
		{47B7098C-99B1-498E-8BAE-0BA99191F1D9}.Release-Portable|x86.Build.0 = Release-Portable|Any CPU
		{B021D576-0BC7-4B5C-8706-C70D1B81C32F}.Debug|Any CPU.ActiveCfg = Debug|Any CPU
		{B021D576-0BC7-4B5C-8706-C70D1B81C32F}.Debug|Any CPU.Build.0 = Debug|Any CPU
		{B021D576-0BC7-4B5C-8706-C70D1B81C32F}.Debug|ARM64.ActiveCfg = Debug|Any CPU
		{B021D576-0BC7-4B5C-8706-C70D1B81C32F}.Debug|ARM64.Build.0 = Debug|Any CPU
		{B021D576-0BC7-4B5C-8706-C70D1B81C32F}.Debug|x64.ActiveCfg = Debug|Any CPU
		{B021D576-0BC7-4B5C-8706-C70D1B81C32F}.Debug|x64.Build.0 = Debug|Any CPU
		{B021D576-0BC7-4B5C-8706-C70D1B81C32F}.Debug|x86.ActiveCfg = Debug|Any CPU
		{B021D576-0BC7-4B5C-8706-C70D1B81C32F}.Debug|x86.Build.0 = Debug|Any CPU
		{B021D576-0BC7-4B5C-8706-C70D1B81C32F}.Release|Any CPU.ActiveCfg = Release|Any CPU
		{B021D576-0BC7-4B5C-8706-C70D1B81C32F}.Release|Any CPU.Build.0 = Release|Any CPU
		{B021D576-0BC7-4B5C-8706-C70D1B81C32F}.Release|ARM64.ActiveCfg = Release|Any CPU
		{B021D576-0BC7-4B5C-8706-C70D1B81C32F}.Release|ARM64.Build.0 = Release|Any CPU
		{B021D576-0BC7-4B5C-8706-C70D1B81C32F}.Release|x64.ActiveCfg = Release|Any CPU
		{B021D576-0BC7-4B5C-8706-C70D1B81C32F}.Release|x64.Build.0 = Release|Any CPU
		{B021D576-0BC7-4B5C-8706-C70D1B81C32F}.Release|x86.ActiveCfg = Release|Any CPU
		{B021D576-0BC7-4B5C-8706-C70D1B81C32F}.Release|x86.Build.0 = Release|Any CPU
		{B021D576-0BC7-4B5C-8706-C70D1B81C32F}.Release-Portable|Any CPU.ActiveCfg = Debug|Any CPU
		{B021D576-0BC7-4B5C-8706-C70D1B81C32F}.Release-Portable|Any CPU.Build.0 = Debug|Any CPU
		{B021D576-0BC7-4B5C-8706-C70D1B81C32F}.Release-Portable|ARM64.ActiveCfg = Debug|Any CPU
		{B021D576-0BC7-4B5C-8706-C70D1B81C32F}.Release-Portable|ARM64.Build.0 = Debug|Any CPU
		{B021D576-0BC7-4B5C-8706-C70D1B81C32F}.Release-Portable|x64.ActiveCfg = Debug|Any CPU
		{B021D576-0BC7-4B5C-8706-C70D1B81C32F}.Release-Portable|x64.Build.0 = Debug|Any CPU
		{B021D576-0BC7-4B5C-8706-C70D1B81C32F}.Release-Portable|x86.ActiveCfg = Debug|Any CPU
		{B021D576-0BC7-4B5C-8706-C70D1B81C32F}.Release-Portable|x86.Build.0 = Debug|Any CPU
		{71609D9A-2B20-41EA-BC41-A5110426244D}.Debug|Any CPU.ActiveCfg = Debug|Any CPU
		{71609D9A-2B20-41EA-BC41-A5110426244D}.Debug|Any CPU.Build.0 = Debug|Any CPU
		{71609D9A-2B20-41EA-BC41-A5110426244D}.Debug|ARM64.ActiveCfg = Debug|Any CPU
		{71609D9A-2B20-41EA-BC41-A5110426244D}.Debug|ARM64.Build.0 = Debug|Any CPU
		{71609D9A-2B20-41EA-BC41-A5110426244D}.Debug|x64.ActiveCfg = Debug|Any CPU
		{71609D9A-2B20-41EA-BC41-A5110426244D}.Debug|x64.Build.0 = Debug|Any CPU
		{71609D9A-2B20-41EA-BC41-A5110426244D}.Debug|x86.ActiveCfg = Debug|Any CPU
		{71609D9A-2B20-41EA-BC41-A5110426244D}.Debug|x86.Build.0 = Debug|Any CPU
		{71609D9A-2B20-41EA-BC41-A5110426244D}.Release|Any CPU.ActiveCfg = Release|Any CPU
		{71609D9A-2B20-41EA-BC41-A5110426244D}.Release|Any CPU.Build.0 = Release|Any CPU
		{71609D9A-2B20-41EA-BC41-A5110426244D}.Release|ARM64.ActiveCfg = Release|Any CPU
		{71609D9A-2B20-41EA-BC41-A5110426244D}.Release|ARM64.Build.0 = Release|Any CPU
		{71609D9A-2B20-41EA-BC41-A5110426244D}.Release|x64.ActiveCfg = Release|Any CPU
		{71609D9A-2B20-41EA-BC41-A5110426244D}.Release|x64.Build.0 = Release|Any CPU
		{71609D9A-2B20-41EA-BC41-A5110426244D}.Release|x86.ActiveCfg = Release|Any CPU
		{71609D9A-2B20-41EA-BC41-A5110426244D}.Release|x86.Build.0 = Release|Any CPU
		{71609D9A-2B20-41EA-BC41-A5110426244D}.Release-Portable|Any CPU.ActiveCfg = Debug|Any CPU
		{71609D9A-2B20-41EA-BC41-A5110426244D}.Release-Portable|Any CPU.Build.0 = Debug|Any CPU
		{71609D9A-2B20-41EA-BC41-A5110426244D}.Release-Portable|ARM64.ActiveCfg = Debug|Any CPU
		{71609D9A-2B20-41EA-BC41-A5110426244D}.Release-Portable|ARM64.Build.0 = Debug|Any CPU
		{71609D9A-2B20-41EA-BC41-A5110426244D}.Release-Portable|x64.ActiveCfg = Debug|Any CPU
		{71609D9A-2B20-41EA-BC41-A5110426244D}.Release-Portable|x64.Build.0 = Debug|Any CPU
		{71609D9A-2B20-41EA-BC41-A5110426244D}.Release-Portable|x86.ActiveCfg = Debug|Any CPU
		{71609D9A-2B20-41EA-BC41-A5110426244D}.Release-Portable|x86.Build.0 = Debug|Any CPU
		{CFE0D3F0-A8B3-4847-9ABA-3F6706CFB236}.Debug|Any CPU.ActiveCfg = Debug|Any CPU
		{CFE0D3F0-A8B3-4847-9ABA-3F6706CFB236}.Debug|Any CPU.Build.0 = Debug|Any CPU
		{CFE0D3F0-A8B3-4847-9ABA-3F6706CFB236}.Debug|ARM64.ActiveCfg = Debug|Any CPU
		{CFE0D3F0-A8B3-4847-9ABA-3F6706CFB236}.Debug|ARM64.Build.0 = Debug|Any CPU
		{CFE0D3F0-A8B3-4847-9ABA-3F6706CFB236}.Debug|x64.ActiveCfg = Debug|Any CPU
		{CFE0D3F0-A8B3-4847-9ABA-3F6706CFB236}.Debug|x64.Build.0 = Debug|Any CPU
		{CFE0D3F0-A8B3-4847-9ABA-3F6706CFB236}.Debug|x86.ActiveCfg = Debug|Any CPU
		{CFE0D3F0-A8B3-4847-9ABA-3F6706CFB236}.Debug|x86.Build.0 = Debug|Any CPU
		{CFE0D3F0-A8B3-4847-9ABA-3F6706CFB236}.Release|Any CPU.ActiveCfg = Release|Any CPU
		{CFE0D3F0-A8B3-4847-9ABA-3F6706CFB236}.Release|Any CPU.Build.0 = Release|Any CPU
		{CFE0D3F0-A8B3-4847-9ABA-3F6706CFB236}.Release|ARM64.ActiveCfg = Release|Any CPU
		{CFE0D3F0-A8B3-4847-9ABA-3F6706CFB236}.Release|ARM64.Build.0 = Release|Any CPU
		{CFE0D3F0-A8B3-4847-9ABA-3F6706CFB236}.Release|x64.ActiveCfg = Release|Any CPU
		{CFE0D3F0-A8B3-4847-9ABA-3F6706CFB236}.Release|x64.Build.0 = Release|Any CPU
		{CFE0D3F0-A8B3-4847-9ABA-3F6706CFB236}.Release|x86.ActiveCfg = Release|Any CPU
		{CFE0D3F0-A8B3-4847-9ABA-3F6706CFB236}.Release|x86.Build.0 = Release|Any CPU
		{CFE0D3F0-A8B3-4847-9ABA-3F6706CFB236}.Release-Portable|Any CPU.ActiveCfg = Debug|Any CPU
		{CFE0D3F0-A8B3-4847-9ABA-3F6706CFB236}.Release-Portable|Any CPU.Build.0 = Debug|Any CPU
		{CFE0D3F0-A8B3-4847-9ABA-3F6706CFB236}.Release-Portable|ARM64.ActiveCfg = Debug|Any CPU
		{CFE0D3F0-A8B3-4847-9ABA-3F6706CFB236}.Release-Portable|ARM64.Build.0 = Debug|Any CPU
		{CFE0D3F0-A8B3-4847-9ABA-3F6706CFB236}.Release-Portable|x64.ActiveCfg = Debug|Any CPU
		{CFE0D3F0-A8B3-4847-9ABA-3F6706CFB236}.Release-Portable|x64.Build.0 = Debug|Any CPU
		{CFE0D3F0-A8B3-4847-9ABA-3F6706CFB236}.Release-Portable|x86.ActiveCfg = Debug|Any CPU
		{CFE0D3F0-A8B3-4847-9ABA-3F6706CFB236}.Release-Portable|x86.Build.0 = Debug|Any CPU
		{5CD84CFA-99AD-4741-A4C1-C5FDB68CBF59}.Debug|Any CPU.ActiveCfg = Debug|Any CPU
		{5CD84CFA-99AD-4741-A4C1-C5FDB68CBF59}.Debug|Any CPU.Build.0 = Debug|Any CPU
		{5CD84CFA-99AD-4741-A4C1-C5FDB68CBF59}.Debug|ARM64.ActiveCfg = Debug|Any CPU
		{5CD84CFA-99AD-4741-A4C1-C5FDB68CBF59}.Debug|ARM64.Build.0 = Debug|Any CPU
		{5CD84CFA-99AD-4741-A4C1-C5FDB68CBF59}.Debug|x64.ActiveCfg = Debug|Any CPU
		{5CD84CFA-99AD-4741-A4C1-C5FDB68CBF59}.Debug|x64.Build.0 = Debug|Any CPU
		{5CD84CFA-99AD-4741-A4C1-C5FDB68CBF59}.Debug|x86.ActiveCfg = Debug|Any CPU
		{5CD84CFA-99AD-4741-A4C1-C5FDB68CBF59}.Debug|x86.Build.0 = Debug|Any CPU
		{5CD84CFA-99AD-4741-A4C1-C5FDB68CBF59}.Release|Any CPU.ActiveCfg = Release|Any CPU
		{5CD84CFA-99AD-4741-A4C1-C5FDB68CBF59}.Release|Any CPU.Build.0 = Release|Any CPU
		{5CD84CFA-99AD-4741-A4C1-C5FDB68CBF59}.Release|ARM64.ActiveCfg = Release|Any CPU
		{5CD84CFA-99AD-4741-A4C1-C5FDB68CBF59}.Release|ARM64.Build.0 = Release|Any CPU
		{5CD84CFA-99AD-4741-A4C1-C5FDB68CBF59}.Release|x64.ActiveCfg = Release|Any CPU
		{5CD84CFA-99AD-4741-A4C1-C5FDB68CBF59}.Release|x64.Build.0 = Release|Any CPU
		{5CD84CFA-99AD-4741-A4C1-C5FDB68CBF59}.Release|x86.ActiveCfg = Release|Any CPU
		{5CD84CFA-99AD-4741-A4C1-C5FDB68CBF59}.Release|x86.Build.0 = Release|Any CPU
		{5CD84CFA-99AD-4741-A4C1-C5FDB68CBF59}.Release-Portable|Any CPU.ActiveCfg = Debug|Any CPU
		{5CD84CFA-99AD-4741-A4C1-C5FDB68CBF59}.Release-Portable|Any CPU.Build.0 = Debug|Any CPU
		{5CD84CFA-99AD-4741-A4C1-C5FDB68CBF59}.Release-Portable|ARM64.ActiveCfg = Debug|Any CPU
		{5CD84CFA-99AD-4741-A4C1-C5FDB68CBF59}.Release-Portable|ARM64.Build.0 = Debug|Any CPU
		{5CD84CFA-99AD-4741-A4C1-C5FDB68CBF59}.Release-Portable|x64.ActiveCfg = Debug|Any CPU
		{5CD84CFA-99AD-4741-A4C1-C5FDB68CBF59}.Release-Portable|x64.Build.0 = Debug|Any CPU
		{5CD84CFA-99AD-4741-A4C1-C5FDB68CBF59}.Release-Portable|x86.ActiveCfg = Debug|Any CPU
		{5CD84CFA-99AD-4741-A4C1-C5FDB68CBF59}.Release-Portable|x86.Build.0 = Debug|Any CPU
	EndGlobalSection
	GlobalSection(SolutionProperties) = preSolution
		HideSolutionNode = FALSE
	EndGlobalSection
	GlobalSection(ExtensibilityGlobals) = postSolution
		SolutionGuid = {CE9E37F6-1855-4FBA-A11F-B97A4F7C4BDD}
	EndGlobalSection
EndGlobal
